
Microsoft Visual Studio Solution File, Format Version 12.00
# Visual Studio Version 17
VisualStudioVersion = 17.0.31717.71
MinimumVisualStudioVersion = 10.0.40219.1
Project("{6EC3EE1D-3C4E-46DD-8F32-0CC8E7565705}") = "ClmSys", "ClmSys\ClmSys.fsproj", "{E0F610B3-4953-459C-84C1-547304C04868}"
EndProject
Project("{6EC3EE1D-3C4E-46DD-8F32-0CC8E7565705}") = "Clm", "Clm\Clm.fsproj", "{7847367F-EC02-4006-A08E-622F3259BC73}"
EndProject
Project("{6EC3EE1D-3C4E-46DD-8F32-0CC8E7565705}") = "ContGenServiceInfo", "ContGenServiceInfo\ContGenServiceInfo.fsproj", "{13A2CC42-EF72-4CA2-A510-8F90A39EF146}"
EndProject
Project("{6EC3EE1D-3C4E-46DD-8F32-0CC8E7565705}") = "ContGenService", "ContGenService\ContGenService.fsproj", "{DABBA37A-C6E3-47EF-A6C3-70276B783669}"
EndProject
Project("{6EC3EE1D-3C4E-46DD-8F32-0CC8E7565705}") = "DbData", "DbData\DbData.fsproj", "{98D63122-D2A4-4CBF-BF39-72ADF5BB7835}"
EndProject
Project("{6EC3EE1D-3C4E-46DD-8F32-0CC8E7565705}") = "MessagingService", "MessagingService\MessagingService.fsproj", "{113FE044-337F-44DA-A458-7F2D41021EBF}"
EndProject
Project("{6EC3EE1D-3C4E-46DD-8F32-0CC8E7565705}") = "MessagingServiceInfo", "MessagingServiceInfo\MessagingServiceInfo.fsproj", "{1A14126C-1A4D-43BD-8CD8-CAA6CD7C5867}"
EndProject
Project("{6EC3EE1D-3C4E-46DD-8F32-0CC8E7565705}") = "Analytics", "Analytics\Analytics.fsproj", "{DC51F3E0-1283-4499-B969-E6A2BCE597A6}"
EndProject
Project("{6EC3EE1D-3C4E-46DD-8F32-0CC8E7565705}") = "ClmDefaults", "ClmDefaults\ClmDefaults.fsproj", "{1DFD0B16-A295-4DED-9B7B-2FCF2E423498}"
EndProject
Project("{6EC3EE1D-3C4E-46DD-8F32-0CC8E7565705}") = "ClmGenerator", "ClmGenerator\ClmGenerator.fsproj", "{A0817568-0DF9-4D24-AD18-AB214F165463}"
EndProject
Project("{6EC3EE1D-3C4E-46DD-8F32-0CC8E7565705}") = "ClmImpure", "ClmImpure\ClmImpure.fsproj", "{EF40DDA7-D21C-47DD-98E9-D7A21716B655}"
EndProject
Project("{6EC3EE1D-3C4E-46DD-8F32-0CC8E7565705}") = "ContGen", "ContGen\ContGen.fsproj", "{11568075-C54B-49B9-B794-3AD43EED5784}"
EndProject
Project("{6EC3EE1D-3C4E-46DD-8F32-0CC8E7565705}") = "ContGenAdm", "ContGenAdm\ContGenAdm.fsproj", "{5B02BB58-49F5-4808-AFDE-6F9CB80BFE93}"
EndProject
Project("{6EC3EE1D-3C4E-46DD-8F32-0CC8E7565705}") = "Model", "Model\Model.fsproj", "{4DE532EF-F5CF-4401-89FF-B898A097FFD3}"
EndProject
Project("{6EC3EE1D-3C4E-46DD-8F32-0CC8E7565705}") = "NoSql", "NoSql\NoSql.fsproj", "{7E7517F1-12BE-4C73-B4CD-F41A86FD4572}"
EndProject
Project("{6EC3EE1D-3C4E-46DD-8F32-0CC8E7565705}") = "OdeSolver", "OdeSolver\OdeSolver.fsproj", "{9303A749-D996-43B1-87B9-7B07D9C2996E}"
EndProject
Project("{6EC3EE1D-3C4E-46DD-8F32-0CC8E7565705}") = "ServiceProxy", "ServiceProxy\ServiceProxy.fsproj", "{3BC819CF-2A2D-4CA2-8F7E-25F45651E1E7}"
EndProject
Project("{6EC3EE1D-3C4E-46DD-8F32-0CC8E7565705}") = "SolverRunner", "SolverRunner\SolverRunner.fsproj", "{B4D52F23-611B-4000-9B95-234F3F1C1683}"
EndProject
Project("{6EC3EE1D-3C4E-46DD-8F32-0CC8E7565705}") = "WorkerNodeService", "WorkerNodeService\WorkerNodeService.fsproj", "{3CD5643D-58F5-429B-B8A5-09D1D48856E8}"
EndProject
Project("{6EC3EE1D-3C4E-46DD-8F32-0CC8E7565705}") = "WorkerNodeServiceInfo", "WorkerNodeServiceInfo\WorkerNodeServiceInfo.fsproj", "{D2D869C2-7E4C-4A2E-8063-CA9DB24F8763}"
EndProject
Project("{6EC3EE1D-3C4E-46DD-8F32-0CC8E7565705}") = "ClmTests", "ClmTests\ClmTests.fsproj", "{7DEA5BCC-D700-4ADD-A3F6-09AF79FE3202}"
EndProject
Project("{6EC3EE1D-3C4E-46DD-8F32-0CC8E7565705}") = "WorkerNodeAdm", "WorkerNodeAdm\WorkerNodeAdm.fsproj", "{4A2113EC-4290-46BA-A5A8-ECE7665361D2}"
EndProject
Project("{6EC3EE1D-3C4E-46DD-8F32-0CC8E7565705}") = "Gillespie", "Gillespie\Gillespie.fsproj", "{522AEE69-B682-424D-B490-F51C5CB3DF87}"
EndProject
Project("{2150E333-8FDC-42A3-9474-1A3956D46DE8}") = "Samples", "Samples", "{A498AEFF-9C98-43E9-95F0-01C9C4699FC0}"
EndProject
Project("{6EC3EE1D-3C4E-46DD-8F32-0CC8E7565705}") = "GillespieExample", "Samples\GillespieExample\GillespieExample.fsproj", "{5DA6FF14-89EE-4E44-BF72-312931EE21F2}"
EndProject
Project("{6EC3EE1D-3C4E-46DD-8F32-0CC8E7565705}") = "DnaEvolution", "DnaEvolution\DnaEvolution.fsproj", "{061C06E9-2AA8-4EBB-AF07-AE483CD15FA1}"
EndProject
Project("{6EC3EE1D-3C4E-46DD-8F32-0CC8E7565705}") = "FredholmRunner", "FredholmRunner\FredholmRunner.fsproj", "{1C61152F-48AC-4B3F-BAB9-82F7E9140146}"
EndProject
Global
	GlobalSection(SolutionConfigurationPlatforms) = preSolution
		Debug|Any CPU = Debug|Any CPU
		Debug|x64 = Debug|x64
		Release|Any CPU = Release|Any CPU
		Release|x64 = Release|x64
	EndGlobalSection
	GlobalSection(ProjectConfigurationPlatforms) = postSolution
		{E0F610B3-4953-459C-84C1-547304C04868}.Debug|Any CPU.ActiveCfg = Debug|x64
		{E0F610B3-4953-459C-84C1-547304C04868}.Debug|Any CPU.Build.0 = Debug|x64
		{E0F610B3-4953-459C-84C1-547304C04868}.Debug|x64.ActiveCfg = Debug|x64
		{E0F610B3-4953-459C-84C1-547304C04868}.Debug|x64.Build.0 = Debug|x64
		{E0F610B3-4953-459C-84C1-547304C04868}.Release|Any CPU.ActiveCfg = Release|x64
		{E0F610B3-4953-459C-84C1-547304C04868}.Release|Any CPU.Build.0 = Release|x64
		{E0F610B3-4953-459C-84C1-547304C04868}.Release|x64.ActiveCfg = Release|x64
		{E0F610B3-4953-459C-84C1-547304C04868}.Release|x64.Build.0 = Release|x64
		{7847367F-EC02-4006-A08E-622F3259BC73}.Debug|Any CPU.ActiveCfg = Debug|x64
		{7847367F-EC02-4006-A08E-622F3259BC73}.Debug|Any CPU.Build.0 = Debug|x64
		{7847367F-EC02-4006-A08E-622F3259BC73}.Debug|x64.ActiveCfg = Debug|x64
		{7847367F-EC02-4006-A08E-622F3259BC73}.Debug|x64.Build.0 = Debug|x64
		{7847367F-EC02-4006-A08E-622F3259BC73}.Release|Any CPU.ActiveCfg = Release|x64
		{7847367F-EC02-4006-A08E-622F3259BC73}.Release|Any CPU.Build.0 = Release|x64
		{7847367F-EC02-4006-A08E-622F3259BC73}.Release|x64.ActiveCfg = Release|x64
		{7847367F-EC02-4006-A08E-622F3259BC73}.Release|x64.Build.0 = Release|x64
		{13A2CC42-EF72-4CA2-A510-8F90A39EF146}.Debug|Any CPU.ActiveCfg = Debug|x64
		{13A2CC42-EF72-4CA2-A510-8F90A39EF146}.Debug|Any CPU.Build.0 = Debug|x64
		{13A2CC42-EF72-4CA2-A510-8F90A39EF146}.Debug|x64.ActiveCfg = Debug|x64
		{13A2CC42-EF72-4CA2-A510-8F90A39EF146}.Debug|x64.Build.0 = Debug|x64
		{13A2CC42-EF72-4CA2-A510-8F90A39EF146}.Release|Any CPU.ActiveCfg = Release|x64
		{13A2CC42-EF72-4CA2-A510-8F90A39EF146}.Release|Any CPU.Build.0 = Release|x64
		{13A2CC42-EF72-4CA2-A510-8F90A39EF146}.Release|x64.ActiveCfg = Release|x64
		{13A2CC42-EF72-4CA2-A510-8F90A39EF146}.Release|x64.Build.0 = Release|x64
		{DABBA37A-C6E3-47EF-A6C3-70276B783669}.Debug|Any CPU.ActiveCfg = Debug|x64
		{DABBA37A-C6E3-47EF-A6C3-70276B783669}.Debug|Any CPU.Build.0 = Debug|x64
		{DABBA37A-C6E3-47EF-A6C3-70276B783669}.Debug|x64.ActiveCfg = Debug|x64
		{DABBA37A-C6E3-47EF-A6C3-70276B783669}.Debug|x64.Build.0 = Debug|x64
		{DABBA37A-C6E3-47EF-A6C3-70276B783669}.Release|Any CPU.ActiveCfg = Release|x64
		{DABBA37A-C6E3-47EF-A6C3-70276B783669}.Release|Any CPU.Build.0 = Release|x64
		{DABBA37A-C6E3-47EF-A6C3-70276B783669}.Release|x64.ActiveCfg = Release|x64
		{DABBA37A-C6E3-47EF-A6C3-70276B783669}.Release|x64.Build.0 = Release|x64
		{98D63122-D2A4-4CBF-BF39-72ADF5BB7835}.Debug|Any CPU.ActiveCfg = Debug|x64
		{98D63122-D2A4-4CBF-BF39-72ADF5BB7835}.Debug|Any CPU.Build.0 = Debug|x64
		{98D63122-D2A4-4CBF-BF39-72ADF5BB7835}.Debug|x64.ActiveCfg = Debug|x64
		{98D63122-D2A4-4CBF-BF39-72ADF5BB7835}.Debug|x64.Build.0 = Debug|x64
		{98D63122-D2A4-4CBF-BF39-72ADF5BB7835}.Release|Any CPU.ActiveCfg = Release|x64
		{98D63122-D2A4-4CBF-BF39-72ADF5BB7835}.Release|Any CPU.Build.0 = Release|x64
		{98D63122-D2A4-4CBF-BF39-72ADF5BB7835}.Release|x64.ActiveCfg = Release|x64
		{98D63122-D2A4-4CBF-BF39-72ADF5BB7835}.Release|x64.Build.0 = Release|x64
		{113FE044-337F-44DA-A458-7F2D41021EBF}.Debug|Any CPU.ActiveCfg = Debug|x64
		{113FE044-337F-44DA-A458-7F2D41021EBF}.Debug|Any CPU.Build.0 = Debug|x64
		{113FE044-337F-44DA-A458-7F2D41021EBF}.Debug|x64.ActiveCfg = Debug|x64
		{113FE044-337F-44DA-A458-7F2D41021EBF}.Debug|x64.Build.0 = Debug|x64
		{113FE044-337F-44DA-A458-7F2D41021EBF}.Release|Any CPU.ActiveCfg = Release|x64
		{113FE044-337F-44DA-A458-7F2D41021EBF}.Release|Any CPU.Build.0 = Release|x64
		{113FE044-337F-44DA-A458-7F2D41021EBF}.Release|x64.ActiveCfg = Release|x64
		{113FE044-337F-44DA-A458-7F2D41021EBF}.Release|x64.Build.0 = Release|x64
		{1A14126C-1A4D-43BD-8CD8-CAA6CD7C5867}.Debug|Any CPU.ActiveCfg = Debug|x64
		{1A14126C-1A4D-43BD-8CD8-CAA6CD7C5867}.Debug|Any CPU.Build.0 = Debug|x64
		{1A14126C-1A4D-43BD-8CD8-CAA6CD7C5867}.Debug|x64.ActiveCfg = Debug|x64
		{1A14126C-1A4D-43BD-8CD8-CAA6CD7C5867}.Debug|x64.Build.0 = Debug|x64
		{1A14126C-1A4D-43BD-8CD8-CAA6CD7C5867}.Release|Any CPU.ActiveCfg = Release|x64
		{1A14126C-1A4D-43BD-8CD8-CAA6CD7C5867}.Release|Any CPU.Build.0 = Release|x64
		{1A14126C-1A4D-43BD-8CD8-CAA6CD7C5867}.Release|x64.ActiveCfg = Release|x64
		{1A14126C-1A4D-43BD-8CD8-CAA6CD7C5867}.Release|x64.Build.0 = Release|x64
		{DC51F3E0-1283-4499-B969-E6A2BCE597A6}.Debug|Any CPU.ActiveCfg = Debug|x64
		{DC51F3E0-1283-4499-B969-E6A2BCE597A6}.Debug|Any CPU.Build.0 = Debug|x64
		{DC51F3E0-1283-4499-B969-E6A2BCE597A6}.Debug|x64.ActiveCfg = Debug|x64
		{DC51F3E0-1283-4499-B969-E6A2BCE597A6}.Debug|x64.Build.0 = Debug|x64
		{DC51F3E0-1283-4499-B969-E6A2BCE597A6}.Release|Any CPU.ActiveCfg = Release|x64
		{DC51F3E0-1283-4499-B969-E6A2BCE597A6}.Release|Any CPU.Build.0 = Release|x64
		{DC51F3E0-1283-4499-B969-E6A2BCE597A6}.Release|x64.ActiveCfg = Release|x64
		{DC51F3E0-1283-4499-B969-E6A2BCE597A6}.Release|x64.Build.0 = Release|x64
		{1DFD0B16-A295-4DED-9B7B-2FCF2E423498}.Debug|Any CPU.ActiveCfg = Debug|x64
		{1DFD0B16-A295-4DED-9B7B-2FCF2E423498}.Debug|Any CPU.Build.0 = Debug|x64
		{1DFD0B16-A295-4DED-9B7B-2FCF2E423498}.Debug|x64.ActiveCfg = Debug|x64
		{1DFD0B16-A295-4DED-9B7B-2FCF2E423498}.Debug|x64.Build.0 = Debug|x64
		{1DFD0B16-A295-4DED-9B7B-2FCF2E423498}.Release|Any CPU.ActiveCfg = Release|x64
		{1DFD0B16-A295-4DED-9B7B-2FCF2E423498}.Release|Any CPU.Build.0 = Release|x64
		{1DFD0B16-A295-4DED-9B7B-2FCF2E423498}.Release|x64.ActiveCfg = Release|x64
		{1DFD0B16-A295-4DED-9B7B-2FCF2E423498}.Release|x64.Build.0 = Release|x64
		{A0817568-0DF9-4D24-AD18-AB214F165463}.Debug|Any CPU.ActiveCfg = Debug|x64
		{A0817568-0DF9-4D24-AD18-AB214F165463}.Debug|Any CPU.Build.0 = Debug|x64
		{A0817568-0DF9-4D24-AD18-AB214F165463}.Debug|x64.ActiveCfg = Debug|x64
		{A0817568-0DF9-4D24-AD18-AB214F165463}.Debug|x64.Build.0 = Debug|x64
		{A0817568-0DF9-4D24-AD18-AB214F165463}.Release|Any CPU.ActiveCfg = Release|x64
		{A0817568-0DF9-4D24-AD18-AB214F165463}.Release|Any CPU.Build.0 = Release|x64
		{A0817568-0DF9-4D24-AD18-AB214F165463}.Release|x64.ActiveCfg = Release|x64
		{A0817568-0DF9-4D24-AD18-AB214F165463}.Release|x64.Build.0 = Release|x64
		{EF40DDA7-D21C-47DD-98E9-D7A21716B655}.Debug|Any CPU.ActiveCfg = Debug|x64
		{EF40DDA7-D21C-47DD-98E9-D7A21716B655}.Debug|Any CPU.Build.0 = Debug|x64
		{EF40DDA7-D21C-47DD-98E9-D7A21716B655}.Debug|x64.ActiveCfg = Debug|x64
		{EF40DDA7-D21C-47DD-98E9-D7A21716B655}.Debug|x64.Build.0 = Debug|x64
		{EF40DDA7-D21C-47DD-98E9-D7A21716B655}.Release|Any CPU.ActiveCfg = Release|x64
		{EF40DDA7-D21C-47DD-98E9-D7A21716B655}.Release|Any CPU.Build.0 = Release|x64
		{EF40DDA7-D21C-47DD-98E9-D7A21716B655}.Release|x64.ActiveCfg = Release|x64
		{EF40DDA7-D21C-47DD-98E9-D7A21716B655}.Release|x64.Build.0 = Release|x64
		{11568075-C54B-49B9-B794-3AD43EED5784}.Debug|Any CPU.ActiveCfg = Debug|x64
		{11568075-C54B-49B9-B794-3AD43EED5784}.Debug|Any CPU.Build.0 = Debug|x64
		{11568075-C54B-49B9-B794-3AD43EED5784}.Debug|x64.ActiveCfg = Debug|x64
		{11568075-C54B-49B9-B794-3AD43EED5784}.Debug|x64.Build.0 = Debug|x64
		{11568075-C54B-49B9-B794-3AD43EED5784}.Release|Any CPU.ActiveCfg = Release|x64
		{11568075-C54B-49B9-B794-3AD43EED5784}.Release|Any CPU.Build.0 = Release|x64
		{11568075-C54B-49B9-B794-3AD43EED5784}.Release|x64.ActiveCfg = Release|x64
		{11568075-C54B-49B9-B794-3AD43EED5784}.Release|x64.Build.0 = Release|x64
		{5B02BB58-49F5-4808-AFDE-6F9CB80BFE93}.Debug|Any CPU.ActiveCfg = Debug|x64
		{5B02BB58-49F5-4808-AFDE-6F9CB80BFE93}.Debug|Any CPU.Build.0 = Debug|x64
		{5B02BB58-49F5-4808-AFDE-6F9CB80BFE93}.Debug|x64.ActiveCfg = Debug|x64
		{5B02BB58-49F5-4808-AFDE-6F9CB80BFE93}.Debug|x64.Build.0 = Debug|x64
		{5B02BB58-49F5-4808-AFDE-6F9CB80BFE93}.Release|Any CPU.ActiveCfg = Release|x64
		{5B02BB58-49F5-4808-AFDE-6F9CB80BFE93}.Release|Any CPU.Build.0 = Release|x64
		{5B02BB58-49F5-4808-AFDE-6F9CB80BFE93}.Release|x64.ActiveCfg = Release|x64
		{5B02BB58-49F5-4808-AFDE-6F9CB80BFE93}.Release|x64.Build.0 = Release|x64
		{4DE532EF-F5CF-4401-89FF-B898A097FFD3}.Debug|Any CPU.ActiveCfg = Debug|x64
		{4DE532EF-F5CF-4401-89FF-B898A097FFD3}.Debug|Any CPU.Build.0 = Debug|x64
		{4DE532EF-F5CF-4401-89FF-B898A097FFD3}.Debug|x64.ActiveCfg = Debug|x64
		{4DE532EF-F5CF-4401-89FF-B898A097FFD3}.Debug|x64.Build.0 = Debug|x64
		{4DE532EF-F5CF-4401-89FF-B898A097FFD3}.Release|Any CPU.ActiveCfg = Release|x64
		{4DE532EF-F5CF-4401-89FF-B898A097FFD3}.Release|Any CPU.Build.0 = Release|x64
		{4DE532EF-F5CF-4401-89FF-B898A097FFD3}.Release|x64.ActiveCfg = Release|x64
		{4DE532EF-F5CF-4401-89FF-B898A097FFD3}.Release|x64.Build.0 = Release|x64
		{7E7517F1-12BE-4C73-B4CD-F41A86FD4572}.Debug|Any CPU.ActiveCfg = Debug|x64
		{7E7517F1-12BE-4C73-B4CD-F41A86FD4572}.Debug|Any CPU.Build.0 = Debug|x64
		{7E7517F1-12BE-4C73-B4CD-F41A86FD4572}.Debug|x64.ActiveCfg = Debug|x64
		{7E7517F1-12BE-4C73-B4CD-F41A86FD4572}.Debug|x64.Build.0 = Debug|x64
		{7E7517F1-12BE-4C73-B4CD-F41A86FD4572}.Release|Any CPU.ActiveCfg = Release|x64
		{7E7517F1-12BE-4C73-B4CD-F41A86FD4572}.Release|Any CPU.Build.0 = Release|x64
		{7E7517F1-12BE-4C73-B4CD-F41A86FD4572}.Release|x64.ActiveCfg = Release|x64
		{7E7517F1-12BE-4C73-B4CD-F41A86FD4572}.Release|x64.Build.0 = Release|x64
		{9303A749-D996-43B1-87B9-7B07D9C2996E}.Debug|Any CPU.ActiveCfg = Debug|x64
		{9303A749-D996-43B1-87B9-7B07D9C2996E}.Debug|Any CPU.Build.0 = Debug|x64
		{9303A749-D996-43B1-87B9-7B07D9C2996E}.Debug|x64.ActiveCfg = Debug|x64
		{9303A749-D996-43B1-87B9-7B07D9C2996E}.Debug|x64.Build.0 = Debug|x64
		{9303A749-D996-43B1-87B9-7B07D9C2996E}.Release|Any CPU.ActiveCfg = Release|x64
		{9303A749-D996-43B1-87B9-7B07D9C2996E}.Release|Any CPU.Build.0 = Release|x64
		{9303A749-D996-43B1-87B9-7B07D9C2996E}.Release|x64.ActiveCfg = Release|x64
		{9303A749-D996-43B1-87B9-7B07D9C2996E}.Release|x64.Build.0 = Release|x64
		{3BC819CF-2A2D-4CA2-8F7E-25F45651E1E7}.Debug|Any CPU.ActiveCfg = Debug|x64
		{3BC819CF-2A2D-4CA2-8F7E-25F45651E1E7}.Debug|Any CPU.Build.0 = Debug|x64
		{3BC819CF-2A2D-4CA2-8F7E-25F45651E1E7}.Debug|x64.ActiveCfg = Debug|x64
		{3BC819CF-2A2D-4CA2-8F7E-25F45651E1E7}.Debug|x64.Build.0 = Debug|x64
		{3BC819CF-2A2D-4CA2-8F7E-25F45651E1E7}.Release|Any CPU.ActiveCfg = Release|x64
		{3BC819CF-2A2D-4CA2-8F7E-25F45651E1E7}.Release|Any CPU.Build.0 = Release|x64
		{3BC819CF-2A2D-4CA2-8F7E-25F45651E1E7}.Release|x64.ActiveCfg = Release|x64
		{3BC819CF-2A2D-4CA2-8F7E-25F45651E1E7}.Release|x64.Build.0 = Release|x64
		{B4D52F23-611B-4000-9B95-234F3F1C1683}.Debug|Any CPU.ActiveCfg = Debug|x64
		{B4D52F23-611B-4000-9B95-234F3F1C1683}.Debug|Any CPU.Build.0 = Debug|x64
		{B4D52F23-611B-4000-9B95-234F3F1C1683}.Debug|x64.ActiveCfg = Debug|x64
		{B4D52F23-611B-4000-9B95-234F3F1C1683}.Debug|x64.Build.0 = Debug|x64
		{B4D52F23-611B-4000-9B95-234F3F1C1683}.Release|Any CPU.ActiveCfg = Release|x64
		{B4D52F23-611B-4000-9B95-234F3F1C1683}.Release|Any CPU.Build.0 = Release|x64
		{B4D52F23-611B-4000-9B95-234F3F1C1683}.Release|x64.ActiveCfg = Release|x64
		{B4D52F23-611B-4000-9B95-234F3F1C1683}.Release|x64.Build.0 = Release|x64
		{3CD5643D-58F5-429B-B8A5-09D1D48856E8}.Debug|Any CPU.ActiveCfg = Debug|x64
		{3CD5643D-58F5-429B-B8A5-09D1D48856E8}.Debug|Any CPU.Build.0 = Debug|x64
		{3CD5643D-58F5-429B-B8A5-09D1D48856E8}.Debug|x64.ActiveCfg = Debug|x64
		{3CD5643D-58F5-429B-B8A5-09D1D48856E8}.Debug|x64.Build.0 = Debug|x64
		{3CD5643D-58F5-429B-B8A5-09D1D48856E8}.Release|Any CPU.ActiveCfg = Release|x64
		{3CD5643D-58F5-429B-B8A5-09D1D48856E8}.Release|Any CPU.Build.0 = Release|x64
		{3CD5643D-58F5-429B-B8A5-09D1D48856E8}.Release|x64.ActiveCfg = Release|x64
		{3CD5643D-58F5-429B-B8A5-09D1D48856E8}.Release|x64.Build.0 = Release|x64
		{D2D869C2-7E4C-4A2E-8063-CA9DB24F8763}.Debug|Any CPU.ActiveCfg = Debug|x64
		{D2D869C2-7E4C-4A2E-8063-CA9DB24F8763}.Debug|Any CPU.Build.0 = Debug|x64
		{D2D869C2-7E4C-4A2E-8063-CA9DB24F8763}.Debug|x64.ActiveCfg = Debug|x64
		{D2D869C2-7E4C-4A2E-8063-CA9DB24F8763}.Debug|x64.Build.0 = Debug|x64
		{D2D869C2-7E4C-4A2E-8063-CA9DB24F8763}.Release|Any CPU.ActiveCfg = Release|x64
		{D2D869C2-7E4C-4A2E-8063-CA9DB24F8763}.Release|Any CPU.Build.0 = Release|x64
		{D2D869C2-7E4C-4A2E-8063-CA9DB24F8763}.Release|x64.ActiveCfg = Release|x64
		{D2D869C2-7E4C-4A2E-8063-CA9DB24F8763}.Release|x64.Build.0 = Release|x64
		{7DEA5BCC-D700-4ADD-A3F6-09AF79FE3202}.Debug|Any CPU.ActiveCfg = Debug|x64
		{7DEA5BCC-D700-4ADD-A3F6-09AF79FE3202}.Debug|Any CPU.Build.0 = Debug|x64
		{7DEA5BCC-D700-4ADD-A3F6-09AF79FE3202}.Debug|x64.ActiveCfg = Debug|x64
		{7DEA5BCC-D700-4ADD-A3F6-09AF79FE3202}.Debug|x64.Build.0 = Debug|x64
		{7DEA5BCC-D700-4ADD-A3F6-09AF79FE3202}.Release|Any CPU.ActiveCfg = Release|x64
		{7DEA5BCC-D700-4ADD-A3F6-09AF79FE3202}.Release|Any CPU.Build.0 = Release|x64
		{7DEA5BCC-D700-4ADD-A3F6-09AF79FE3202}.Release|x64.ActiveCfg = Release|x64
		{7DEA5BCC-D700-4ADD-A3F6-09AF79FE3202}.Release|x64.Build.0 = Release|x64
		{4A2113EC-4290-46BA-A5A8-ECE7665361D2}.Debug|Any CPU.ActiveCfg = Debug|x64
		{4A2113EC-4290-46BA-A5A8-ECE7665361D2}.Debug|Any CPU.Build.0 = Debug|x64
		{4A2113EC-4290-46BA-A5A8-ECE7665361D2}.Debug|x64.ActiveCfg = Debug|x64
		{4A2113EC-4290-46BA-A5A8-ECE7665361D2}.Debug|x64.Build.0 = Debug|x64
		{4A2113EC-4290-46BA-A5A8-ECE7665361D2}.Release|Any CPU.ActiveCfg = Release|x64
		{4A2113EC-4290-46BA-A5A8-ECE7665361D2}.Release|Any CPU.Build.0 = Release|x64
		{4A2113EC-4290-46BA-A5A8-ECE7665361D2}.Release|x64.ActiveCfg = Release|x64
		{4A2113EC-4290-46BA-A5A8-ECE7665361D2}.Release|x64.Build.0 = Release|x64
		{522AEE69-B682-424D-B490-F51C5CB3DF87}.Debug|Any CPU.ActiveCfg = Debug|x64
		{522AEE69-B682-424D-B490-F51C5CB3DF87}.Debug|Any CPU.Build.0 = Debug|x64
		{522AEE69-B682-424D-B490-F51C5CB3DF87}.Debug|x64.ActiveCfg = Debug|x64
		{522AEE69-B682-424D-B490-F51C5CB3DF87}.Debug|x64.Build.0 = Debug|x64
		{522AEE69-B682-424D-B490-F51C5CB3DF87}.Release|Any CPU.ActiveCfg = Release|x64
		{522AEE69-B682-424D-B490-F51C5CB3DF87}.Release|Any CPU.Build.0 = Release|x64
		{522AEE69-B682-424D-B490-F51C5CB3DF87}.Release|x64.ActiveCfg = Release|x64
		{522AEE69-B682-424D-B490-F51C5CB3DF87}.Release|x64.Build.0 = Release|x64
		{5DA6FF14-89EE-4E44-BF72-312931EE21F2}.Debug|Any CPU.ActiveCfg = Debug|x64
		{5DA6FF14-89EE-4E44-BF72-312931EE21F2}.Debug|Any CPU.Build.0 = Debug|x64
		{5DA6FF14-89EE-4E44-BF72-312931EE21F2}.Debug|x64.ActiveCfg = Debug|x64
		{5DA6FF14-89EE-4E44-BF72-312931EE21F2}.Debug|x64.Build.0 = Debug|x64
		{5DA6FF14-89EE-4E44-BF72-312931EE21F2}.Release|Any CPU.ActiveCfg = Release|x64
		{5DA6FF14-89EE-4E44-BF72-312931EE21F2}.Release|Any CPU.Build.0 = Release|x64
		{5DA6FF14-89EE-4E44-BF72-312931EE21F2}.Release|x64.ActiveCfg = Release|x64
		{5DA6FF14-89EE-4E44-BF72-312931EE21F2}.Release|x64.Build.0 = Release|x64
		{061C06E9-2AA8-4EBB-AF07-AE483CD15FA1}.Debug|Any CPU.ActiveCfg = Debug|Any CPU
		{061C06E9-2AA8-4EBB-AF07-AE483CD15FA1}.Debug|Any CPU.Build.0 = Debug|Any CPU
		{061C06E9-2AA8-4EBB-AF07-AE483CD15FA1}.Debug|x64.ActiveCfg = Debug|Any CPU
		{061C06E9-2AA8-4EBB-AF07-AE483CD15FA1}.Debug|x64.Build.0 = Debug|Any CPU
		{061C06E9-2AA8-4EBB-AF07-AE483CD15FA1}.Release|Any CPU.ActiveCfg = Release|Any CPU
		{061C06E9-2AA8-4EBB-AF07-AE483CD15FA1}.Release|Any CPU.Build.0 = Release|Any CPU
		{061C06E9-2AA8-4EBB-AF07-AE483CD15FA1}.Release|x64.ActiveCfg = Release|x64
		{061C06E9-2AA8-4EBB-AF07-AE483CD15FA1}.Release|x64.Build.0 = Release|x64
		{1C61152F-48AC-4B3F-BAB9-82F7E9140146}.Debug|Any CPU.ActiveCfg = Debug|Any CPU
		{1C61152F-48AC-4B3F-BAB9-82F7E9140146}.Debug|Any CPU.Build.0 = Debug|Any CPU
		{1C61152F-48AC-4B3F-BAB9-82F7E9140146}.Debug|x64.ActiveCfg = Debug|Any CPU
		{1C61152F-48AC-4B3F-BAB9-82F7E9140146}.Debug|x64.Build.0 = Debug|Any CPU
		{1C61152F-48AC-4B3F-BAB9-82F7E9140146}.Release|Any CPU.ActiveCfg = Release|Any CPU
		{1C61152F-48AC-4B3F-BAB9-82F7E9140146}.Release|Any CPU.Build.0 = Release|Any CPU
		{1C61152F-48AC-4B3F-BAB9-82F7E9140146}.Release|x64.ActiveCfg = Release|x64
		{1C61152F-48AC-4B3F-BAB9-82F7E9140146}.Release|x64.Build.0 = Release|x64
	EndGlobalSection
	GlobalSection(SolutionProperties) = preSolution
		HideSolutionNode = FALSE
	EndGlobalSection
	GlobalSection(NestedProjects) = preSolution
		{5DA6FF14-89EE-4E44-BF72-312931EE21F2} = {A498AEFF-9C98-43E9-95F0-01C9C4699FC0}
	EndGlobalSection
	GlobalSection(ExtensibilityGlobals) = postSolution
		SolutionGuid = {C712381C-AF49-42FB-A12A-18C521329CBB}
	EndGlobalSection
EndGlobal
